
Microsoft Visual Studio Solution File, Format Version 12.00
# Visual Studio Version 17
VisualStudioVersion = 17.11.35219.272
MinimumVisualStudioVersion = 10.0.40219.1
Project("{FAE04EC0-301F-11D3-BF4B-00C04F79EFBC}") = "Mediator_pattern", "Mediator_pattern.csproj", "{D171599E-91F6-4CC5-8D9F-BD63D3D81FCA}"
EndProject
Global
	GlobalSection(SolutionConfigurationPlatforms) = preSolution
		Debug|Any CPU = Debug|Any CPU
		Release|Any CPU = Release|Any CPU
	EndGlobalSection
	GlobalSection(ProjectConfigurationPlatforms) = postSolution
		{D171599E-91F6-4CC5-8D9F-BD63D3D81FCA}.Debug|Any CPU.ActiveCfg = Debug|Any CPU
		{D171599E-91F6-4CC5-8D9F-BD63D3D81FCA}.Debug|Any CPU.Build.0 = Debug|Any CPU
		{D171599E-91F6-4CC5-8D9F-BD63D3D81FCA}.Release|Any CPU.ActiveCfg = Release|Any CPU
		{D171599E-91F6-4CC5-8D9F-BD63D3D81FCA}.Release|Any CPU.Build.0 = Release|Any CPU
	EndGlobalSection
	GlobalSection(SolutionProperties) = preSolution
		HideSolutionNode = FALSE
	EndGlobalSection
	GlobalSection(ExtensibilityGlobals) = postSolution
		SolutionGuid = {C39A026C-2CDB-44FC-B873-C9A97017C25E}
	EndGlobalSection
EndGlobal
